
Microsoft Visual Studio Solution File, Format Version 12.00
# Visual Studio Version 16
VisualStudioVersion = 16.0.30204.135
MinimumVisualStudioVersion = 10.0.40219.1
Project("{8BC9CEB8-8B4A-11D0-8D11-00A0C91BC942}") = "laba1", "laba1\laba1.vcxproj", "{B96018C7-E91D-4B26-834C-B25B1247B29E}"
EndProject
Global
	GlobalSection(SolutionConfigurationPlatforms) = preSolution
		Debug|x64 = Debug|x64
		Debug|x86 = Debug|x86
		Release|x64 = Release|x64
		Release|x86 = Release|x86
	EndGlobalSection
	GlobalSection(ProjectConfigurationPlatforms) = postSolution
		{B96018C7-E91D-4B26-834C-B25B1247B29E}.Debug|x64.ActiveCfg = Debug|x64
		{B96018C7-E91D-4B26-834C-B25B1247B29E}.Debug|x64.Build.0 = Debug|x64
		{B96018C7-E91D-4B26-834C-B25B1247B29E}.Debug|x86.ActiveCfg = Debug|Win32
		{B96018C7-E91D-4B26-834C-B25B1247B29E}.Debug|x86.Build.0 = Debug|Win32
		{B96018C7-E91D-4B26-834C-B25B1247B29E}.Release|x64.ActiveCfg = Release|x64
		{B96018C7-E91D-4B26-834C-B25B1247B29E}.Release|x64.Build.0 = Release|x64
		{B96018C7-E91D-4B26-834C-B25B1247B29E}.Release|x86.ActiveCfg = Release|Win32
		{B96018C7-E91D-4B26-834C-B25B1247B29E}.Release|x86.Build.0 = Release|Win32
	EndGlobalSection
	GlobalSection(SolutionProperties) = preSolution
		HideSolutionNode = FALSE
	EndGlobalSection
	GlobalSection(ExtensibilityGlobals) = postSolution
		SolutionGuid = {DD5B94BD-E3B9-40A2-A1BE-3BAEFB75B808}
	EndGlobalSection
EndGlobal
